
Microsoft Visual Studio Solution File, Format Version 12.00
# Visual Studio Version 17
VisualStudioVersion = 17.14.36202.13 d17.14
MinimumVisualStudioVersion = 10.0.40219.1
Project("{FAE04EC0-301F-11D3-BF4B-00C04F79EFBC}") = "FishFocus", "FishFocus\FishFocus\FishFocus.csproj", "{996AB285-B7F3-48E0-82DB-5B16CB47E790}"
EndProject
Project("{FAE04EC0-301F-11D3-BF4B-00C04F79EFBC}") = "FishFocus.Client", "FishFocus\FishFocus.Client\FishFocus.Client.csproj", "{612A1736-3C9C-463C-ADE4-44B83C4FFD53}"
EndProject
Project("{FAE04EC0-301F-11D3-BF4B-00C04F79EFBC}") = "FishFocus.Shared", "FishFocus.Shared\FishFocus.Shared.csproj", "{9C187298-5F89-48C8-87E2-441DC17DACF7}"
EndProject
Global
	GlobalSection(SolutionConfigurationPlatforms) = preSolution
		Debug|Any CPU = Debug|Any CPU
		Release|Any CPU = Release|Any CPU
	EndGlobalSection
	GlobalSection(ProjectConfigurationPlatforms) = postSolution
		{996AB285-B7F3-48E0-82DB-5B16CB47E790}.Debug|Any CPU.ActiveCfg = Debug|Any CPU
		{996AB285-B7F3-48E0-82DB-5B16CB47E790}.Debug|Any CPU.Build.0 = Debug|Any CPU
		{996AB285-B7F3-48E0-82DB-5B16CB47E790}.Release|Any CPU.ActiveCfg = Release|Any CPU
		{996AB285-B7F3-48E0-82DB-5B16CB47E790}.Release|Any CPU.Build.0 = Release|Any CPU
		{612A1736-3C9C-463C-ADE4-44B83C4FFD53}.Debug|Any CPU.ActiveCfg = Debug|Any CPU
		{612A1736-3C9C-463C-ADE4-44B83C4FFD53}.Debug|Any CPU.Build.0 = Debug|Any CPU
		{612A1736-3C9C-463C-ADE4-44B83C4FFD53}.Release|Any CPU.ActiveCfg = Release|Any CPU
		{612A1736-3C9C-463C-ADE4-44B83C4FFD53}.Release|Any CPU.Build.0 = Release|Any CPU
		{9C187298-5F89-48C8-87E2-441DC17DACF7}.Debug|Any CPU.ActiveCfg = Debug|Any CPU
		{9C187298-5F89-48C8-87E2-441DC17DACF7}.Debug|Any CPU.Build.0 = Debug|Any CPU
		{9C187298-5F89-48C8-87E2-441DC17DACF7}.Release|Any CPU.ActiveCfg = Release|Any CPU
		{9C187298-5F89-48C8-87E2-441DC17DACF7}.Release|Any CPU.Build.0 = Release|Any CPU
	EndGlobalSection
	GlobalSection(SolutionProperties) = preSolution
		HideSolutionNode = FALSE
	EndGlobalSection
	GlobalSection(ExtensibilityGlobals) = postSolution
		SolutionGuid = {DC5FA487-5AD9-437E-B515-C6F901EE8511}
	EndGlobalSection
EndGlobal
